{
  "name": "oas-kit-common",
  "version": "1.0.6",
  "lockfileVersion": 1,
  "requires": true,
  "dependencies": {
    "yaml": {
      "version": "1.2.0",
      "resolved": "https://registry.npmjs.org/yaml/-/yaml-1.2.0.tgz",
      "integrity": "sha512-nKNUuxmvbrRDQbPCVqUDvjgnOvpxWFRK6O4hO57Q3ie07CmTkGrcpoFHEN7PUTkvhhJD23CR2WpKgPyIVoj5zg=="
    }
  }
}
