{
  "name": "oas-kit-common",
  "version": "1.0.8",
  "lockfileVersion": 1,
  "requires": true,
  "dependencies": {
    "fast-safe-stringify": {
      "version": "2.0.8",
      "resolved": "https://registry.npmjs.org/fast-safe-stringify/-/fast-safe-stringify-2.0.8.tgz",
      "integrity": "sha512-lXatBjf3WPjmWD6DpIZxkeSsCOwqI0maYMpgDlx8g4U2qi4lbjA9oH/HD2a87G+KfsUmo5WbJFmqBZlPxtptag=="
    }
  }
}
